
Microsoft Visual Studio Solution File, Format Version 12.00
# Visual Studio Version 17
VisualStudioVersion = 17.4.33110.190
MinimumVisualStudioVersion = 10.0.40219.1
Project("{9A19103F-16F7-4668-BE54-9A1E7A4F7556}") = "CarvedRock.Admin", "CarvedRock.Admin.csproj", "{50253A1C-0F68-49DE-AF7B-9CBEB97710DC}"
EndProject
Global
	GlobalSection(SolutionConfigurationPlatforms) = preSolution
		Debug|Any CPU = Debug|Any CPU
		Release|Any CPU = Release|Any CPU
	EndGlobalSection
	GlobalSection(ProjectConfigurationPlatforms) = postSolution
		{50253A1C-0F68-49DE-AF7B-9CBEB97710DC}.Debug|Any CPU.ActiveCfg = Debug|Any CPU
		{50253A1C-0F68-49DE-AF7B-9CBEB97710DC}.Debug|Any CPU.Build.0 = Debug|Any CPU
		{50253A1C-0F68-49DE-AF7B-9CBEB97710DC}.Release|Any CPU.ActiveCfg = Release|Any CPU
		{50253A1C-0F68-49DE-AF7B-9CBEB97710DC}.Release|Any CPU.Build.0 = Release|Any CPU
	EndGlobalSection
	GlobalSection(SolutionProperties) = preSolution
		HideSolutionNode = FALSE
	EndGlobalSection
	GlobalSection(ExtensibilityGlobals) = postSolution
		SolutionGuid = {DEACBC9A-82DD-4E11-99D9-C3A793FA4C12}
	EndGlobalSection
EndGlobal
